
Microsoft Visual Studio Solution File, Format Version 12.00
# Visual Studio Version 16
VisualStudioVersion = 16.0.30717.126
MinimumVisualStudioVersion = 10.0.40219.1
Project("{9A19103F-16F7-4668-BE54-9A1E7A4F7556}") = "Booknemonic", "Booknemonic.csproj", "{2621AC42-FFBE-4CF5-8771-B5D279AD52C3}"
EndProject
Global
	GlobalSection(SolutionConfigurationPlatforms) = preSolution
		Debug|Any CPU = Debug|Any CPU
		Release|Any CPU = Release|Any CPU
	EndGlobalSection
	GlobalSection(ProjectConfigurationPlatforms) = postSolution
		{2621AC42-FFBE-4CF5-8771-B5D279AD52C3}.Debug|Any CPU.ActiveCfg = Debug|Any CPU
		{2621AC42-FFBE-4CF5-8771-B5D279AD52C3}.Debug|Any CPU.Build.0 = Debug|Any CPU
		{2621AC42-FFBE-4CF5-8771-B5D279AD52C3}.Release|Any CPU.ActiveCfg = Release|Any CPU
		{2621AC42-FFBE-4CF5-8771-B5D279AD52C3}.Release|Any CPU.Build.0 = Release|Any CPU
	EndGlobalSection
	GlobalSection(SolutionProperties) = preSolution
		HideSolutionNode = FALSE
	EndGlobalSection
	GlobalSection(ExtensibilityGlobals) = postSolution
		SolutionGuid = {B647C3A2-C59E-47F5-9419-91F9BC6FE272}
	EndGlobalSection
EndGlobal
